// !$*UTF8*$!
{
	archiveVersion = 1;
	classes = {
	};
	objectVersion = 56;
	objects = {

/* Begin PBXBuildFile section */
		A9A6D9AA2C73917200385BEC /* PetLinkApp.swift in Sources */ = {isa = PBXBuildFile; fileRef = A9A6D9A92C73917200385BEC /* PetLinkApp.swift */; };
		A9A6D9AC2C73917200385BEC /* ContentView.swift in Sources */ = {isa = PBXBuildFile; fileRef = A9A6D9AB2C73917200385BEC /* ContentView.swift */; };
		A9A6D9AE2C73917300385BEC /* Assets.xcassets in Resources */ = {isa = PBXBuildFile; fileRef = A9A6D9AD2C73917300385BEC /* Assets.xcassets */; };
		A9A6D9B12C73917300385BEC /* Preview Assets.xcassets in Resources */ = {isa = PBXBuildFile; fileRef = A9A6D9B02C73917300385BEC /* Preview Assets.xcassets */; };
		A9E56BE02C73981C00A23209 /* SignUpView.swift in Sources */ = {isa = PBXBuildFile; fileRef = A9E56BDF2C73981C00A23209 /* SignUpView.swift */; };
		A9E56BE22C739DA700A23209 /* Credentials.swift in Sources */ = {isa = PBXBuildFile; fileRef = A9E56BE12C739DA700A23209 /* Credentials.swift */; };
		A9E56BE52C739E1600A23209 /* NetworkManager.swift in Sources */ = {isa = PBXBuildFile; fileRef = A9E56BE42C739E1600A23209 /* NetworkManager.swift */; };
		A9E56BE72C739FC400A23209 /* HTTPMethod.swift in Sources */ = {isa = PBXBuildFile; fileRef = A9E56BE62C739FC400A23209 /* HTTPMethod.swift */; };
		A9E56BE92C73A04100A23209 /* CustomerType.swift in Sources */ = {isa = PBXBuildFile; fileRef = A9E56BE82C73A04100A23209 /* CustomerType.swift */; };
		A9E56BEB2C73A8C800A23209 /* SignUpViewModel.swift in Sources */ = {isa = PBXBuildFile; fileRef = A9E56BEA2C73A8C800A23209 /* SignUpViewModel.swift */; };
		A9E56BEE2C73C82F00A23209 /* UserTabView.swift in Sources */ = {isa = PBXBuildFile; fileRef = A9E56BED2C73C82F00A23209 /* UserTabView.swift */; };
		A9E56BF22C73C84F00A23209 /* ShelterTabView.swift in Sources */ = {isa = PBXBuildFile; fileRef = A9E56BF12C73C84F00A23209 /* ShelterTabView.swift */; };
		A9E56BF42C73C89C00A23209 /* Authentication.swift in Sources */ = {isa = PBXBuildFile; fileRef = A9E56BF32C73C89C00A23209 /* Authentication.swift */; };
		A9E56BF62C73C9FD00A23209 /* User.swift in Sources */ = {isa = PBXBuildFile; fileRef = A9E56BF52C73C9FD00A23209 /* User.swift */; };
		A9E56BF82C73CA0C00A23209 /* Shelter.swift in Sources */ = {isa = PBXBuildFile; fileRef = A9E56BF72C73CA0C00A23209 /* Shelter.swift */; };
		A9E56BFB2C73CD9800A23209 /* NetworkError.swift in Sources */ = {isa = PBXBuildFile; fileRef = A9E56BFA2C73CD9800A23209 /* NetworkError.swift */; };
/* End PBXBuildFile section */

/* Begin PBXFileReference section */
		A9A6D9A62C73917200385BEC /* PetLink.app */ = {isa = PBXFileReference; explicitFileType = wrapper.application; includeInIndex = 0; path = PetLink.app; sourceTree = BUILT_PRODUCTS_DIR; };
		A9A6D9A92C73917200385BEC /* PetLinkApp.swift */ = {isa = PBXFileReference; lastKnownFileType = sourcecode.swift; path = PetLinkApp.swift; sourceTree = "<group>"; };
		A9A6D9AB2C73917200385BEC /* ContentView.swift */ = {isa = PBXFileReference; lastKnownFileType = sourcecode.swift; path = ContentView.swift; sourceTree = "<group>"; };
		A9A6D9AD2C73917300385BEC /* Assets.xcassets */ = {isa = PBXFileReference; lastKnownFileType = folder.assetcatalog; path = Assets.xcassets; sourceTree = "<group>"; };
		A9A6D9B02C73917300385BEC /* Preview Assets.xcassets */ = {isa = PBXFileReference; lastKnownFileType = folder.assetcatalog; path = "Preview Assets.xcassets"; sourceTree = "<group>"; };
		A9E56BDF2C73981C00A23209 /* SignUpView.swift */ = {isa = PBXFileReference; lastKnownFileType = sourcecode.swift; path = SignUpView.swift; sourceTree = "<group>"; };
		A9E56BE12C739DA700A23209 /* Credentials.swift */ = {isa = PBXFileReference; lastKnownFileType = sourcecode.swift; path = Credentials.swift; sourceTree = "<group>"; };
		A9E56BE42C739E1600A23209 /* NetworkManager.swift */ = {isa = PBXFileReference; lastKnownFileType = sourcecode.swift; path = NetworkManager.swift; sourceTree = "<group>"; };
		A9E56BE62C739FC400A23209 /* HTTPMethod.swift */ = {isa = PBXFileReference; lastKnownFileType = sourcecode.swift; path = HTTPMethod.swift; sourceTree = "<group>"; };
		A9E56BE82C73A04100A23209 /* CustomerType.swift */ = {isa = PBXFileReference; lastKnownFileType = sourcecode.swift; path = CustomerType.swift; sourceTree = "<group>"; };
		A9E56BEA2C73A8C800A23209 /* SignUpViewModel.swift */ = {isa = PBXFileReference; lastKnownFileType = sourcecode.swift; path = SignUpViewModel.swift; sourceTree = "<group>"; };
		A9E56BED2C73C82F00A23209 /* UserTabView.swift */ = {isa = PBXFileReference; lastKnownFileType = sourcecode.swift; path = UserTabView.swift; sourceTree = "<group>"; };
		A9E56BF12C73C84F00A23209 /* ShelterTabView.swift */ = {isa = PBXFileReference; lastKnownFileType = sourcecode.swift; path = ShelterTabView.swift; sourceTree = "<group>"; };
		A9E56BF32C73C89C00A23209 /* Authentication.swift */ = {isa = PBXFileReference; lastKnownFileType = sourcecode.swift; path = Authentication.swift; sourceTree = "<group>"; };
		A9E56BF52C73C9FD00A23209 /* User.swift */ = {isa = PBXFileReference; lastKnownFileType = sourcecode.swift; path = User.swift; sourceTree = "<group>"; };
		A9E56BF72C73CA0C00A23209 /* Shelter.swift */ = {isa = PBXFileReference; lastKnownFileType = sourcecode.swift; path = Shelter.swift; sourceTree = "<group>"; };
		A9E56BFA2C73CD9800A23209 /* NetworkError.swift */ = {isa = PBXFileReference; lastKnownFileType = sourcecode.swift; path = NetworkError.swift; sourceTree = "<group>"; };
/* End PBXFileReference section */

/* Begin PBXFrameworksBuildPhase section */
		A9A6D9A32C73917200385BEC /* Frameworks */ = {
			isa = PBXFrameworksBuildPhase;
			buildActionMask = 2147483647;
			files = (
			);
			runOnlyForDeploymentPostprocessing = 0;
		};
/* End PBXFrameworksBuildPhase section */

/* Begin PBXGroup section */
		A9A6D99D2C73917200385BEC = {
			isa = PBXGroup;
			children = (
				A9A6D9A82C73917200385BEC /* PetLink */,
				A9A6D9A72C73917200385BEC /* Products */,
			);
			sourceTree = "<group>";
		};
		A9A6D9A72C73917200385BEC /* Products */ = {
			isa = PBXGroup;
			children = (
				A9A6D9A62C73917200385BEC /* PetLink.app */,
			);
			name = Products;
			sourceTree = "<group>";
		};
		A9A6D9A82C73917200385BEC /* PetLink */ = {
			isa = PBXGroup;
			children = (
				A9A6D9A92C73917200385BEC /* PetLinkApp.swift */,
				A9A6D9AB2C73917200385BEC /* ContentView.swift */,
				A9E56BDE2C73974900A23209 /* View */,
				A9E56BDD2C73974300A23209 /* ViewModel */,
				A9E56BDC2C73973C00A23209 /* Model */,
				A9E56BE32C739DD000A23209 /* Networking */,
				A9A6D9AD2C73917300385BEC /* Assets.xcassets */,
				A9A6D9AF2C73917300385BEC /* Preview Content */,
			);
			path = PetLink;
			sourceTree = "<group>";
		};
		A9A6D9AF2C73917300385BEC /* Preview Content */ = {
			isa = PBXGroup;
			children = (
				A9A6D9B02C73917300385BEC /* Preview Assets.xcassets */,
			);
			path = "Preview Content";
			sourceTree = "<group>";
		};
		A9E56BDC2C73973C00A23209 /* Model */ = {
			isa = PBXGroup;
			children = (
				A9E56BE12C739DA700A23209 /* Credentials.swift */,
				A9E56BE82C73A04100A23209 /* CustomerType.swift */,
				A9E56BF52C73C9FD00A23209 /* User.swift */,
				A9E56BF72C73CA0C00A23209 /* Shelter.swift */,
			);
			path = Model;
			sourceTree = "<group>";
		};
		A9E56BDD2C73974300A23209 /* ViewModel */ = {
			isa = PBXGroup;
			children = (
				A9E56BEA2C73A8C800A23209 /* SignUpViewModel.swift */,
				A9E56BF32C73C89C00A23209 /* Authentication.swift */,
			);
			path = ViewModel;
			sourceTree = "<group>";
		};
		A9E56BDE2C73974900A23209 /* View */ = {
			isa = PBXGroup;
			children = (
				A9E56BEF2C73C83300A23209 /* Shelter */,
				A9E56BEC2C73C80D00A23209 /* User */,
				A9E56BDF2C73981C00A23209 /* SignUpView.swift */,
			);
			path = View;
			sourceTree = "<group>";
		};
		A9E56BE32C739DD000A23209 /* Networking */ = {
			isa = PBXGroup;
			children = (
				A9E56BE42C739E1600A23209 /* NetworkManager.swift */,
				A9E56BE62C739FC400A23209 /* HTTPMethod.swift */,
				A9E56BFA2C73CD9800A23209 /* NetworkError.swift */,
			);
			path = Networking;
			sourceTree = "<group>";
		};
		A9E56BEC2C73C80D00A23209 /* User */ = {
			isa = PBXGroup;
			children = (
				A9E56BED2C73C82F00A23209 /* UserTabView.swift */,
			);
			path = User;
			sourceTree = "<group>";
		};
		A9E56BEF2C73C83300A23209 /* Shelter */ = {
			isa = PBXGroup;
			children = (
				A9E56BF12C73C84F00A23209 /* ShelterTabView.swift */,
			);
			path = Shelter;
			sourceTree = "<group>";
		};
/* End PBXGroup section */

/* Begin PBXNativeTarget section */
		A9A6D9A52C73917200385BEC /* PetLink */ = {
			isa = PBXNativeTarget;
			buildConfigurationList = A9A6D9B42C73917300385BEC /* Build configuration list for PBXNativeTarget "PetLink" */;
			buildPhases = (
				A9A6D9A22C73917200385BEC /* Sources */,
				A9A6D9A32C73917200385BEC /* Frameworks */,
				A9A6D9A42C73917200385BEC /* Resources */,
			);
			buildRules = (
			);
			dependencies = (
			);
			name = PetLink;
			productName = PetLink;
			productReference = A9A6D9A62C73917200385BEC /* PetLink.app */;
			productType = "com.apple.product-type.application";
		};
/* End PBXNativeTarget section */

/* Begin PBXProject section */
		A9A6D99E2C73917200385BEC /* Project object */ = {
			isa = PBXProject;
			attributes = {
				BuildIndependentTargetsInParallel = 1;
				LastSwiftUpdateCheck = 1500;
				LastUpgradeCheck = 1500;
				TargetAttributes = {
					A9A6D9A52C73917200385BEC = {
						CreatedOnToolsVersion = 15.0.1;
					};
				};
			};
			buildConfigurationList = A9A6D9A12C73917200385BEC /* Build configuration list for PBXProject "PetLink" */;
			compatibilityVersion = "Xcode 14.0";
			developmentRegion = en;
			hasScannedForEncodings = 0;
			knownRegions = (
				en,
				Base,
			);
			mainGroup = A9A6D99D2C73917200385BEC;
			productRefGroup = A9A6D9A72C73917200385BEC /* Products */;
			projectDirPath = "";
			projectRoot = "";
			targets = (
				A9A6D9A52C73917200385BEC /* PetLink */,
			);
		};
/* End PBXProject section */

/* Begin PBXResourcesBuildPhase section */
		A9A6D9A42C73917200385BEC /* Resources */ = {
			isa = PBXResourcesBuildPhase;
			buildActionMask = 2147483647;
			files = (
				A9A6D9B12C73917300385BEC /* Preview Assets.xcassets in Resources */,
				A9A6D9AE2C73917300385BEC /* Assets.xcassets in Resources */,
			);
			runOnlyForDeploymentPostprocessing = 0;
		};
/* End PBXResourcesBuildPhase section */

/* Begin PBXSourcesBuildPhase section */
		A9A6D9A22C73917200385BEC /* Sources */ = {
			isa = PBXSourcesBuildPhase;
			buildActionMask = 2147483647;
			files = (
				A9A6D9AC2C73917200385BEC /* ContentView.swift in Sources */,
				A9E56BFB2C73CD9800A23209 /* NetworkError.swift in Sources */,
				A9E56BE22C739DA700A23209 /* Credentials.swift in Sources */,
				A9E56BE92C73A04100A23209 /* CustomerType.swift in Sources */,
				A9E56BE72C739FC400A23209 /* HTTPMethod.swift in Sources */,
				A9E56BEB2C73A8C800A23209 /* SignUpViewModel.swift in Sources */,
				A9E56BE52C739E1600A23209 /* NetworkManager.swift in Sources */,
				A9E56BF22C73C84F00A23209 /* ShelterTabView.swift in Sources */,
				A9E56BF82C73CA0C00A23209 /* Shelter.swift in Sources */,
				A9E56BE02C73981C00A23209 /* SignUpView.swift in Sources */,
				A9E56BF62C73C9FD00A23209 /* User.swift in Sources */,
				A9A6D9AA2C73917200385BEC /* PetLinkApp.swift in Sources */,
				A9E56BEE2C73C82F00A23209 /* UserTabView.swift in Sources */,
				A9E56BF42C73C89C00A23209 /* Authentication.swift in Sources */,
			);
			runOnlyForDeploymentPostprocessing = 0;
		};
/* End PBXSourcesBuildPhase section */

/* Begin XCBuildConfiguration section */
		A9A6D9B22C73917300385BEC /* Debug */ = {
			isa = XCBuildConfiguration;
			buildSettings = {
				ALWAYS_SEARCH_USER_PATHS = NO;
				ASSETCATALOG_COMPILER_GENERATE_SWIFT_ASSET_SYMBOL_EXTENSIONS = YES;
				CLANG_ANALYZER_NONNULL = YES;
				CLANG_ANALYZER_NUMBER_OBJECT_CONVERSION = YES_AGGRESSIVE;
				CLANG_CXX_LANGUAGE_STANDARD = "gnu++20";
				CLANG_ENABLE_MODULES = YES;
				CLANG_ENABLE_OBJC_ARC = YES;
				CLANG_ENABLE_OBJC_WEAK = YES;
				CLANG_WARN_BLOCK_CAPTURE_AUTORELEASING = YES;
				CLANG_WARN_BOOL_CONVERSION = YES;
				CLANG_WARN_COMMA = YES;
				CLANG_WARN_CONSTANT_CONVERSION = YES;
				CLANG_WARN_DEPRECATED_OBJC_IMPLEMENTATIONS = YES;
				CLANG_WARN_DIRECT_OBJC_ISA_USAGE = YES_ERROR;
				CLANG_WARN_DOCUMENTATION_COMMENTS = YES;
				CLANG_WARN_EMPTY_BODY = YES;
				CLANG_WARN_ENUM_CONVERSION = YES;
				CLANG_WARN_INFINITE_RECURSION = YES;
				CLANG_WARN_INT_CONVERSION = YES;
				CLANG_WARN_NON_LITERAL_NULL_CONVERSION = YES;
				CLANG_WARN_OBJC_IMPLICIT_RETAIN_SELF = YES;
				CLANG_WARN_OBJC_LITERAL_CONVERSION = YES;
				CLANG_WARN_OBJC_ROOT_CLASS = YES_ERROR;
				CLANG_WARN_QUOTED_INCLUDE_IN_FRAMEWORK_HEADER = YES;
				CLANG_WARN_RANGE_LOOP_ANALYSIS = YES;
				CLANG_WARN_STRICT_PROTOTYPES = YES;
				CLANG_WARN_SUSPICIOUS_MOVE = YES;
				CLANG_WARN_UNGUARDED_AVAILABILITY = YES_AGGRESSIVE;
				CLANG_WARN_UNREACHABLE_CODE = YES;
				CLANG_WARN__DUPLICATE_METHOD_MATCH = YES;
				COPY_PHASE_STRIP = NO;
				DEBUG_INFORMATION_FORMAT = dwarf;
				ENABLE_STRICT_OBJC_MSGSEND = YES;
				ENABLE_TESTABILITY = YES;
				ENABLE_USER_SCRIPT_SANDBOXING = YES;
				GCC_C_LANGUAGE_STANDARD = gnu17;
				GCC_DYNAMIC_NO_PIC = NO;
				GCC_NO_COMMON_BLOCKS = YES;
				GCC_OPTIMIZATION_LEVEL = 0;
				GCC_PREPROCESSOR_DEFINITIONS = (
					"DEBUG=1",
					"$(inherited)",
				);
				GCC_WARN_64_TO_32_BIT_CONVERSION = YES;
				GCC_WARN_ABOUT_RETURN_TYPE = YES_ERROR;
				GCC_WARN_UNDECLARED_SELECTOR = YES;
				GCC_WARN_UNINITIALIZED_AUTOS = YES_AGGRESSIVE;
				GCC_WARN_UNUSED_FUNCTION = YES;
				GCC_WARN_UNUSED_VARIABLE = YES;
				IPHONEOS_DEPLOYMENT_TARGET = 17.0;
				LOCALIZATION_PREFERS_STRING_CATALOGS = YES;
				MTL_ENABLE_DEBUG_INFO = INCLUDE_SOURCE;
				MTL_FAST_MATH = YES;
				ONLY_ACTIVE_ARCH = YES;
				SDKROOT = iphoneos;
				SWIFT_ACTIVE_COMPILATION_CONDITIONS = "DEBUG $(inherited)";
				SWIFT_OPTIMIZATION_LEVEL = "-Onone";
			};
			name = Debug;
		};
		A9A6D9B32C73917300385BEC /* Release */ = {
			isa = XCBuildConfiguration;
			buildSettings = {
				ALWAYS_SEARCH_USER_PATHS = NO;
				ASSETCATALOG_COMPILER_GENERATE_SWIFT_ASSET_SYMBOL_EXTENSIONS = YES;
				CLANG_ANALYZER_NONNULL = YES;
				CLANG_ANALYZER_NUMBER_OBJECT_CONVERSION = YES_AGGRESSIVE;
				CLANG_CXX_LANGUAGE_STANDARD = "gnu++20";
				CLANG_ENABLE_MODULES = YES;
				CLANG_ENABLE_OBJC_ARC = YES;
				CLANG_ENABLE_OBJC_WEAK = YES;
				CLANG_WARN_BLOCK_CAPTURE_AUTORELEASING = YES;
				CLANG_WARN_BOOL_CONVERSION = YES;
				CLANG_WARN_COMMA = YES;
				CLANG_WARN_CONSTANT_CONVERSION = YES;
				CLANG_WARN_DEPRECATED_OBJC_IMPLEMENTATIONS = YES;
				CLANG_WARN_DIRECT_OBJC_ISA_USAGE = YES_ERROR;
				CLANG_WARN_DOCUMENTATION_COMMENTS = YES;
				CLANG_WARN_EMPTY_BODY = YES;
				CLANG_WARN_ENUM_CONVERSION = YES;
				CLANG_WARN_INFINITE_RECURSION = YES;
				CLANG_WARN_INT_CONVERSION = YES;
				CLANG_WARN_NON_LITERAL_NULL_CONVERSION = YES;
				CLANG_WARN_OBJC_IMPLICIT_RETAIN_SELF = YES;
				CLANG_WARN_OBJC_LITERAL_CONVERSION = YES;
				CLANG_WARN_OBJC_ROOT_CLASS = YES_ERROR;
				CLANG_WARN_QUOTED_INCLUDE_IN_FRAMEWORK_HEADER = YES;
				CLANG_WARN_RANGE_LOOP_ANALYSIS = YES;
				CLANG_WARN_STRICT_PROTOTYPES = YES;
				CLANG_WARN_SUSPICIOUS_MOVE = YES;
				CLANG_WARN_UNGUARDED_AVAILABILITY = YES_AGGRESSIVE;
				CLANG_WARN_UNREACHABLE_CODE = YES;
				CLANG_WARN__DUPLICATE_METHOD_MATCH = YES;
				COPY_PHASE_STRIP = NO;
				DEBUG_INFORMATION_FORMAT = "dwarf-with-dsym";
				ENABLE_NS_ASSERTIONS = NO;
				ENABLE_STRICT_OBJC_MSGSEND = YES;
				ENABLE_USER_SCRIPT_SANDBOXING = YES;
				GCC_C_LANGUAGE_STANDARD = gnu17;
				GCC_NO_COMMON_BLOCKS = YES;
				GCC_WARN_64_TO_32_BIT_CONVERSION = YES;
				GCC_WARN_ABOUT_RETURN_TYPE = YES_ERROR;
				GCC_WARN_UNDECLARED_SELECTOR = YES;
				GCC_WARN_UNINITIALIZED_AUTOS = YES_AGGRESSIVE;
				GCC_WARN_UNUSED_FUNCTION = YES;
				GCC_WARN_UNUSED_VARIABLE = YES;
				IPHONEOS_DEPLOYMENT_TARGET = 17.0;
				LOCALIZATION_PREFERS_STRING_CATALOGS = YES;
				MTL_ENABLE_DEBUG_INFO = NO;
				MTL_FAST_MATH = YES;
				SDKROOT = iphoneos;
				SWIFT_COMPILATION_MODE = wholemodule;
				VALIDATE_PRODUCT = YES;
			};
			name = Release;
		};
		A9A6D9B52C73917300385BEC /* Debug */ = {
			isa = XCBuildConfiguration;
			buildSettings = {
				ASSETCATALOG_COMPILER_APPICON_NAME = AppIcon;
				ASSETCATALOG_COMPILER_GLOBAL_ACCENT_COLOR_NAME = AccentColor;
				CODE_SIGN_STYLE = Automatic;
				CURRENT_PROJECT_VERSION = 1;
				DEVELOPMENT_ASSET_PATHS = "\"PetLink/Preview Content\"";
				DEVELOPMENT_TEAM = 4RQ5G2BLCM;
				ENABLE_PREVIEWS = YES;
				GENERATE_INFOPLIST_FILE = YES;
				INFOPLIST_KEY_UIApplicationSceneManifest_Generation = YES;
				INFOPLIST_KEY_UIApplicationSupportsIndirectInputEvents = YES;
				INFOPLIST_KEY_UILaunchScreen_Generation = YES;
				INFOPLIST_KEY_UISupportedInterfaceOrientations_iPad = "UIInterfaceOrientationPortrait UIInterfaceOrientationPortraitUpsideDown UIInterfaceOrientationLandscapeLeft UIInterfaceOrientationLandscapeRight";
				INFOPLIST_KEY_UISupportedInterfaceOrientations_iPhone = "UIInterfaceOrientationPortrait UIInterfaceOrientationLandscapeLeft UIInterfaceOrientationLandscapeRight";
				LD_RUNPATH_SEARCH_PATHS = (
					"$(inherited)",
					"@executable_path/Frameworks",
				);
				MARKETING_VERSION = 1.0;
				PRODUCT_BUNDLE_IDENTIFIER = daniilsolovyev.PetLink;
				PRODUCT_NAME = "$(TARGET_NAME)";
				SWIFT_EMIT_LOC_STRINGS = YES;
				SWIFT_VERSION = 5.0;
				TARGETED_DEVICE_FAMILY = "1,2";
			};
			name = Debug;
		};
		A9A6D9B62C73917300385BEC /* Release */ = {
			isa = XCBuildConfiguration;
			buildSettings = {
				ASSETCATALOG_COMPILER_APPICON_NAME = AppIcon;
				ASSETCATALOG_COMPILER_GLOBAL_ACCENT_COLOR_NAME = AccentColor;
				CODE_SIGN_STYLE = Automatic;
				CURRENT_PROJECT_VERSION = 1;
				DEVELOPMENT_ASSET_PATHS = "\"PetLink/Preview Content\"";
				DEVELOPMENT_TEAM = 4RQ5G2BLCM;
				ENABLE_PREVIEWS = YES;
				GENERATE_INFOPLIST_FILE = YES;
				INFOPLIST_KEY_UIApplicationSceneManifest_Generation = YES;
				INFOPLIST_KEY_UIApplicationSupportsIndirectInputEvents = YES;
				INFOPLIST_KEY_UILaunchScreen_Generation = YES;
				INFOPLIST_KEY_UISupportedInterfaceOrientations_iPad = "UIInterfaceOrientationPortrait UIInterfaceOrientationPortraitUpsideDown UIInterfaceOrientationLandscapeLeft UIInterfaceOrientationLandscapeRight";
				INFOPLIST_KEY_UISupportedInterfaceOrientations_iPhone = "UIInterfaceOrientationPortrait UIInterfaceOrientationLandscapeLeft UIInterfaceOrientationLandscapeRight";
				LD_RUNPATH_SEARCH_PATHS = (
					"$(inherited)",
					"@executable_path/Frameworks",
				);
				MARKETING_VERSION = 1.0;
				PRODUCT_BUNDLE_IDENTIFIER = daniilsolovyev.PetLink;
				PRODUCT_NAME = "$(TARGET_NAME)";
				SWIFT_EMIT_LOC_STRINGS = YES;
				SWIFT_VERSION = 5.0;
				TARGETED_DEVICE_FAMILY = "1,2";
			};
			name = Release;
		};
/* End XCBuildConfiguration section */

/* Begin XCConfigurationList section */
		A9A6D9A12C73917200385BEC /* Build configuration list for PBXProject "PetLink" */ = {
			isa = XCConfigurationList;
			buildConfigurations = (
				A9A6D9B22C73917300385BEC /* Debug */,
				A9A6D9B32C73917300385BEC /* Release */,
			);
			defaultConfigurationIsVisible = 0;
			defaultConfigurationName = Release;
		};
		A9A6D9B42C73917300385BEC /* Build configuration list for PBXNativeTarget "PetLink" */ = {
			isa = XCConfigurationList;
			buildConfigurations = (
				A9A6D9B52C73917300385BEC /* Debug */,
				A9A6D9B62C73917300385BEC /* Release */,
			);
			defaultConfigurationIsVisible = 0;
			defaultConfigurationName = Release;
		};
/* End XCConfigurationList section */
	};
	rootObject = A9A6D99E2C73917200385BEC /* Project object */;
}
